
Microsoft Visual Studio Solution File, Format Version 12.00
# Visual Studio Version 17
VisualStudioVersion = 17.8.34330.188
MinimumVisualStudioVersion = 10.0.40219.1
Project("{9A19103F-16F7-4668-BE54-9A1E7A4F7556}") = "DeleteProduct", "DeleteProduct\DeleteProduct.csproj", "{F541A241-3B77-44B3-9C85-E9DD1500333B}"
EndProject
Project("{9A19103F-16F7-4668-BE54-9A1E7A4F7556}") = "GetProducts", "GetProducts\GetProducts.csproj", "{93563AEB-4F5F-47ED-8E07-60A1160E0A19}"
EndProject
Project("{9A19103F-16F7-4668-BE54-9A1E7A4F7556}") = "GetProduct", "GetProduct\GetProduct.csproj", "{EDA3068B-FEF7-49EE-8D47-A89811CDD166}"
EndProject
Project("{9A19103F-16F7-4668-BE54-9A1E7A4F7556}") = "PutProduct", "PutProduct\PutProduct.csproj", "{3DCEB9C3-55CD-45C0-A521-554FEEEDED4C}"
EndProject
Project("{9A19103F-16F7-4668-BE54-9A1E7A4F7556}") = "Shared", "Shared\Shared.csproj", "{BDC240D9-B62C-471B-A87F-0C699A2A731E}"
EndProject
Project("{2150E333-8FDC-42A3-9474-1A3956D46DE8}") = "deployment", "deployment", "{323B0B91-464D-4622-B804-E7B3B3225AC2}"
	ProjectSection(SolutionItems) = preProject
		template.yaml = template.yaml
	EndProjectSection
EndProject
Project("{FAE04EC0-301F-11D3-BF4B-00C04F79EFBC}") = "Serverless.Aspire", "Serverless.Aspire\Serverless.Aspire.csproj", "{34D497E5-F946-48BD-B5E5-DCA31BD68F81}"
EndProject
Project("{FAE04EC0-301F-11D3-BF4B-00C04F79EFBC}") = "Serverless.Aspire.ServiceDefaults", "Serverless.Aspire.ServiceDefaults\Serverless.Aspire.ServiceDefaults.csproj", "{829A8118-DDA7-417F-A535-C72556767BEB}"
EndProject
Project("{FAE04EC0-301F-11D3-BF4B-00C04F79EFBC}") = "SuperSimpleFunction", "SuperSimpleFunction\src\SuperSimpleFunction\SuperSimpleFunction.csproj", "{3C5BDD38-CAB9-4CD5-B378-0F3F60675FAE}"
EndProject
Global
	GlobalSection(SolutionConfigurationPlatforms) = preSolution
		Debug|Any CPU = Debug|Any CPU
		Release|Any CPU = Release|Any CPU
	EndGlobalSection
	GlobalSection(ProjectConfigurationPlatforms) = postSolution
		{F541A241-3B77-44B3-9C85-E9DD1500333B}.Debug|Any CPU.ActiveCfg = Debug|Any CPU
		{F541A241-3B77-44B3-9C85-E9DD1500333B}.Debug|Any CPU.Build.0 = Debug|Any CPU
		{F541A241-3B77-44B3-9C85-E9DD1500333B}.Release|Any CPU.ActiveCfg = Release|Any CPU
		{F541A241-3B77-44B3-9C85-E9DD1500333B}.Release|Any CPU.Build.0 = Release|Any CPU
		{93563AEB-4F5F-47ED-8E07-60A1160E0A19}.Debug|Any CPU.ActiveCfg = Debug|Any CPU
		{93563AEB-4F5F-47ED-8E07-60A1160E0A19}.Debug|Any CPU.Build.0 = Debug|Any CPU
		{93563AEB-4F5F-47ED-8E07-60A1160E0A19}.Release|Any CPU.ActiveCfg = Release|Any CPU
		{93563AEB-4F5F-47ED-8E07-60A1160E0A19}.Release|Any CPU.Build.0 = Release|Any CPU
		{EDA3068B-FEF7-49EE-8D47-A89811CDD166}.Debug|Any CPU.ActiveCfg = Debug|Any CPU
		{EDA3068B-FEF7-49EE-8D47-A89811CDD166}.Debug|Any CPU.Build.0 = Debug|Any CPU
		{EDA3068B-FEF7-49EE-8D47-A89811CDD166}.Release|Any CPU.ActiveCfg = Release|Any CPU
		{EDA3068B-FEF7-49EE-8D47-A89811CDD166}.Release|Any CPU.Build.0 = Release|Any CPU
		{3DCEB9C3-55CD-45C0-A521-554FEEEDED4C}.Debug|Any CPU.ActiveCfg = Debug|Any CPU
		{3DCEB9C3-55CD-45C0-A521-554FEEEDED4C}.Debug|Any CPU.Build.0 = Debug|Any CPU
		{3DCEB9C3-55CD-45C0-A521-554FEEEDED4C}.Release|Any CPU.ActiveCfg = Release|Any CPU
		{3DCEB9C3-55CD-45C0-A521-554FEEEDED4C}.Release|Any CPU.Build.0 = Release|Any CPU
		{BDC240D9-B62C-471B-A87F-0C699A2A731E}.Debug|Any CPU.ActiveCfg = Debug|Any CPU
		{BDC240D9-B62C-471B-A87F-0C699A2A731E}.Debug|Any CPU.Build.0 = Debug|Any CPU
		{BDC240D9-B62C-471B-A87F-0C699A2A731E}.Release|Any CPU.ActiveCfg = Release|Any CPU
		{BDC240D9-B62C-471B-A87F-0C699A2A731E}.Release|Any CPU.Build.0 = Release|Any CPU
		{34D497E5-F946-48BD-B5E5-DCA31BD68F81}.Debug|Any CPU.ActiveCfg = Debug|Any CPU
		{34D497E5-F946-48BD-B5E5-DCA31BD68F81}.Debug|Any CPU.Build.0 = Debug|Any CPU
		{34D497E5-F946-48BD-B5E5-DCA31BD68F81}.Release|Any CPU.ActiveCfg = Release|Any CPU
		{34D497E5-F946-48BD-B5E5-DCA31BD68F81}.Release|Any CPU.Build.0 = Release|Any CPU
		{829A8118-DDA7-417F-A535-C72556767BEB}.Debug|Any CPU.ActiveCfg = Debug|Any CPU
		{829A8118-DDA7-417F-A535-C72556767BEB}.Debug|Any CPU.Build.0 = Debug|Any CPU
		{829A8118-DDA7-417F-A535-C72556767BEB}.Release|Any CPU.ActiveCfg = Release|Any CPU
		{829A8118-DDA7-417F-A535-C72556767BEB}.Release|Any CPU.Build.0 = Release|Any CPU
		{3C5BDD38-CAB9-4CD5-B378-0F3F60675FAE}.Debug|Any CPU.ActiveCfg = Debug|Any CPU
		{3C5BDD38-CAB9-4CD5-B378-0F3F60675FAE}.Debug|Any CPU.Build.0 = Debug|Any CPU
		{3C5BDD38-CAB9-4CD5-B378-0F3F60675FAE}.Release|Any CPU.ActiveCfg = Release|Any CPU
		{3C5BDD38-CAB9-4CD5-B378-0F3F60675FAE}.Release|Any CPU.Build.0 = Release|Any CPU
	EndGlobalSection
	GlobalSection(SolutionProperties) = preSolution
		HideSolutionNode = FALSE
	EndGlobalSection
EndGlobal
